# @generated - this file is auto-generated by `mise lock` https://mise.jdx.dev/dev-tools/mise-lock.html

lockfile_version = 2

[[tools.biome]]
version = "2.5.14"
backend = "aqua:biomejs/biome"
specifiers = ["2.5.14"]

[tools.biome."platforms.linux-x64"]
checksum = "sha256:290c1c85deeaf01310d9187306060b53961574856a7e34f59d9662562e6f19fe"
url = "https://github.com/biomejs/biome/releases/download/%40biomejs/biome%402.5.14/biome-linux-x64"
url_api = "https://api.github.com/repos/biomejs/biome/releases/assets/567471264"
provenance = "github-attestations"

[tools.biome."platforms.linux-x64-baseline"]
checksum = "sha256:290c1c85deeaf01310d9187306060b53961574856a7e34f59d9662562e6f19fe"
url = "https://github.com/biomejs/biome/releases/download/%40biomejs/biome%402.5.14/biome-linux-x64"
url_api = "https://api.github.com/repos/biomejs/biome/releases/assets/567471264"
provenance = "github-attestations"

[tools.biome."platforms.linux-x64-musl"]
checksum = "sha256:d15a39b256ca1294fe8f8817f9162f7c26229ca0cb8bd19d0369540c1a01d781"
url = "https://github.com/biomejs/biome/releases/download/%40biomejs/biome%402.5.14/biome-linux-x64-musl"
url_api = "https://api.github.com/repos/biomejs/biome/releases/assets/567471265"
provenance = "github-attestations"

[tools.biome."platforms.linux-x64-musl-baseline"]
checksum = "sha256:d15a39b256ca1294fe8f8817f9162f7c26229ca0cb8bd19d0369540c1a01d781"
url = "https://github.com/biomejs/biome/releases/download/%40biomejs/biome%402.5.14/biome-linux-x64-musl"
url_api = "https://api.github.com/repos/biomejs/biome/releases/assets/567471265"
provenance = "github-attestations"

[tools.biome."platforms.windows-x64"]
checksum = "sha256:bef8f088617c8364314f55dffdc7b8ddabe12fee9e1e71f45f708a7027579280"
url = "https://github.com/biomejs/biome/releases/download/%40biomejs/biome%402.5.14/biome-win32-x64.exe"
url_api = "https://api.github.com/repos/biomejs/biome/releases/assets/567471269"
provenance = "github-attestations"

[tools.biome."platforms.windows-x64-baseline"]
checksum = "sha256:bef8f088617c8364314f55dffdc7b8ddabe12fee9e1e71f45f708a7027579280"
url = "https://github.com/biomejs/biome/releases/download/%40biomejs/biome%402.5.14/biome-win32-x64.exe"
url_api = "https://api.github.com/repos/biomejs/biome/releases/assets/567471269"
provenance = "github-attestations"

[[tools.bun]]
version = "1.4.2"
backend = "core:bun"
specifiers = ["1.4.2"]

[tools.bun."platforms.linux-x64"]
checksum = "sha256:36368faef7527875d5ffa52e53cd48021741f2a83eb6208a8dd64068d422a913"
url = "https://github.com/oven-sh/bun/releases/download/bun-v1.4.2/bun-linux-x64.zip"

[tools.bun."platforms.linux-x64-baseline"]
checksum = "sha256:c678040f14fe0440eb839d37cbd0ce4c051a32da72806ac97de6a6aab6bf728f"
url = "https://github.com/oven-sh/bun/releases/download/bun-v1.4.2/bun-linux-x64-baseline.zip"

[tools.bun."platforms.linux-x64-musl"]
checksum = "sha256:4835eca59d6da70f4674f5642f6e459dcadab773695b2ed9922d131057989742"
url = "https://github.com/oven-sh/bun/releases/download/bun-v1.4.2/bun-linux-x64-musl.zip"

[tools.bun."platforms.linux-x64-musl-baseline"]
checksum = "sha256:76e1db84e98f22f78de0a87e309bfbbf297732847f9720db36750646c85c8c18"
url = "https://github.com/oven-sh/bun/releases/download/bun-v1.4.2/bun-linux-x64-musl-baseline.zip"

[tools.bun."platforms.windows-x64"]
checksum = "sha256:ce4c17497b2f29712a99d3d53f028de28cd42e3bacb8589599e7f000e49b6405"
url = "https://github.com/oven-sh/bun/releases/download/bun-v1.4.2/bun-windows-x64.zip"

[tools.bun."platforms.windows-x64-baseline"]
checksum = "sha256:78c221c2376f79731ccf4e4af0b3bb46d81fefa3296c5abee09ad8a1b21e68c6"
url = "https://github.com/oven-sh/bun/releases/download/bun-v1.4.2/bun-windows-x64-baseline.zip"

[[tools.cloudflared]]
version = "2026.9.1"
backend = "aqua:cloudflare/cloudflared"
specifiers = ["2026.9.1"]

[tools.cloudflared."platforms.linux-x64"]
checksum = "sha256:03f1f25d1cc93b9ad6c60569d44060bc4f17ed97075760ed8cfca4b12dcd68cc"
url = "https://github.com/cloudflare/cloudflared/releases/download/2026.9.1/cloudflared-linux-amd64"
url_api = "https://api.github.com/repos/cloudflare/cloudflared/releases/assets/557330171"

[tools.cloudflared."platforms.linux-x64-baseline"]
checksum = "sha256:03f1f25d1cc93b9ad6c60569d44060bc4f17ed97075760ed8cfca4b12dcd68cc"
url = "https://github.com/cloudflare/cloudflared/releases/download/2026.9.1/cloudflared-linux-amd64"
url_api = "https://api.github.com/repos/cloudflare/cloudflared/releases/assets/557330171"

[tools.cloudflared."platforms.linux-x64-musl"]
checksum = "sha256:03f1f25d1cc93b9ad6c60569d44060bc4f17ed97075760ed8cfca4b12dcd68cc"
url = "https://github.com/cloudflare/cloudflared/releases/download/2026.9.1/cloudflared-linux-amd64"
url_api = "https://api.github.com/repos/cloudflare/cloudflared/releases/assets/557330171"

[tools.cloudflared."platforms.linux-x64-musl-baseline"]
checksum = "sha256:03f1f25d1cc93b9ad6c60569d44060bc4f17ed97075760ed8cfca4b12dcd68cc"
url = "https://github.com/cloudflare/cloudflared/releases/download/2026.9.1/cloudflared-linux-amd64"
url_api = "https://api.github.com/repos/cloudflare/cloudflared/releases/assets/557330171"

[tools.cloudflared."platforms.windows-x64"]
checksum = "sha256:2837888cc0f5d58f15b6dc478376de90b4d3ba5241c7947455d1e0a0df429712"
url = "https://github.com/cloudflare/cloudflared/releases/download/2026.9.1/cloudflared-windows-amd64.exe"
url_api = "https://api.github.com/repos/cloudflare/cloudflared/releases/assets/557330859"

[tools.cloudflared."platforms.windows-x64-baseline"]
checksum = "sha256:2837888cc0f5d58f15b6dc478376de90b4d3ba5241c7947455d1e0a0df429712"
url = "https://github.com/cloudflare/cloudflared/releases/download/2026.9.1/cloudflared-windows-amd64.exe"
url_api = "https://api.github.com/repos/cloudflare/cloudflared/releases/assets/557330859"
