# @generated - this file is auto-generated by `mise lock` https://mise.en.dev/dev-tools/mise-lock.html

[[tools.biome]]
version = "2.5.0"
backend = "npm:@biomejs/biome"

[tools.biome."platforms.linux-x64"]
checksum = "sha256:e7df298f0551dd90bea4425779369aa3130d9817f4acc4f663ef63c327206a19"
url = "https://github.com/biomejs/biome/releases/download/%40biomejs/biome%402.5.0/biome-linux-x64"
provenance = "github-attestations"

[tools.biome."platforms.linux-x64-baseline"]
checksum = "sha256:e7df298f0551dd90bea4425779369aa3130d9817f4acc4f663ef63c327206a19"
url = "https://github.com/biomejs/biome/releases/download/%40biomejs/biome%402.5.0/biome-linux-x64"
provenance = "github-attestations"

[tools.biome."platforms.linux-x64-musl"]
checksum = "sha256:16620d56fd50c5b3dc689a80611a2b58dd22a55918894b2520b534da877d2e66"
url = "https://github.com/biomejs/biome/releases/download/%40biomejs/biome%402.5.0/biome-linux-x64-musl"
provenance = "github-attestations"

[tools.biome."platforms.linux-x64-musl-baseline"]
checksum = "sha256:16620d56fd50c5b3dc689a80611a2b58dd22a55918894b2520b534da877d2e66"
url = "https://github.com/biomejs/biome/releases/download/%40biomejs/biome%402.5.0/biome-linux-x64-musl"
provenance = "github-attestations"

[tools.biome."platforms.windows-x64"]
checksum = "sha256:84d4e71fdbb4b15b1aa83c1b1cc033aae9856d48a7a857c1381b1bd499430f7c"
url = "https://github.com/biomejs/biome/releases/download/%40biomejs/biome%402.5.0/biome-win32-x64.exe"
provenance = "github-attestations"

[tools.biome."platforms.windows-x64-baseline"]
checksum = "sha256:84d4e71fdbb4b15b1aa83c1b1cc033aae9856d48a7a857c1381b1bd499430f7c"
url = "https://github.com/biomejs/biome/releases/download/%40biomejs/biome%402.5.0/biome-win32-x64.exe"
provenance = "github-attestations"

[[tools.bun]]
version = "1.3.14"
backend = "core:bun"

[tools.bun."platforms.linux-x64"]
checksum = "sha256:951ee2aee855f08595aeec6225226a298d3fea83a3dcd6465c09cbccdf7e848f"
url = "https://github.com/oven-sh/bun/releases/download/bun-v1.3.14/bun-linux-x64.zip"

[tools.bun."platforms.linux-x64-baseline"]
checksum = "sha256:a063908ae08b7852ca10939bbdc6ceed3ddabce8fb9402dce83d65d73b36e6c7"
url = "https://github.com/oven-sh/bun/releases/download/bun-v1.3.14/bun-linux-x64-baseline.zip"

[tools.bun."platforms.linux-x64-musl"]
checksum = "sha256:14bd9aedeebf1dba67e8def9531c89bc989ecfdf1de42e5bfcaf1b8cd9294719"
url = "https://github.com/oven-sh/bun/releases/download/bun-v1.3.14/bun-linux-x64-musl.zip"

[tools.bun."platforms.linux-x64-musl-baseline"]
checksum = "sha256:56a7d6806cf155536c0178f0ea5fbd098e684fa509ebdb4fc0a7e19fb65382dc"
url = "https://github.com/oven-sh/bun/releases/download/bun-v1.3.14/bun-linux-x64-musl-baseline.zip"

[tools.bun."platforms.windows-x64"]
checksum = "sha256:0a0620930b6675d7ba440e81f4e0e00d3cfbe096c4b140d3fff02205e9e18922"
url = "https://github.com/oven-sh/bun/releases/download/bun-v1.3.14/bun-windows-x64.zip"

[tools.bun."platforms.windows-x64-baseline"]
checksum = "sha256:538f9c846355d9e847b2671bc00c47da4229a0befb24df3282b739770f3b475f"
url = "https://github.com/oven-sh/bun/releases/download/bun-v1.3.14/bun-windows-x64-baseline.zip"

[[tools.cloudflared]]
version = "2026.6.0"
backend = "aqua:cloudflare/cloudflared"

[tools.cloudflared."platforms.linux-x64"]
checksum = "sha256:08d27c4c5d3ed73ee3e98ef2ddceb4ad09fd4cfc28e243565a189538e8ccd706"
url = "https://github.com/cloudflare/cloudflared/releases/download/2026.6.0/cloudflared-linux-amd64"

[tools.cloudflared."platforms.linux-x64-baseline"]
checksum = "sha256:08d27c4c5d3ed73ee3e98ef2ddceb4ad09fd4cfc28e243565a189538e8ccd706"
url = "https://github.com/cloudflare/cloudflared/releases/download/2026.6.0/cloudflared-linux-amd64"

[tools.cloudflared."platforms.linux-x64-musl"]
checksum = "sha256:08d27c4c5d3ed73ee3e98ef2ddceb4ad09fd4cfc28e243565a189538e8ccd706"
url = "https://github.com/cloudflare/cloudflared/releases/download/2026.6.0/cloudflared-linux-amd64"

[tools.cloudflared."platforms.linux-x64-musl-baseline"]
checksum = "sha256:08d27c4c5d3ed73ee3e98ef2ddceb4ad09fd4cfc28e243565a189538e8ccd706"
url = "https://github.com/cloudflare/cloudflared/releases/download/2026.6.0/cloudflared-linux-amd64"

[tools.cloudflared."platforms.windows-x64"]
checksum = "sha256:03e322598e84d77406fa55b93f59e8e54636c5d8501d9dce36697fcf080ed8cc"
url = "https://github.com/cloudflare/cloudflared/releases/download/2026.6.0/cloudflared-windows-amd64.exe"

[tools.cloudflared."platforms.windows-x64-baseline"]
checksum = "sha256:03e322598e84d77406fa55b93f59e8e54636c5d8501d9dce36697fcf080ed8cc"
url = "https://github.com/cloudflare/cloudflared/releases/download/2026.6.0/cloudflared-windows-amd64.exe"
